Microsoft Visual Studio Solution File, Format Version 12.00
# Visual Studio Version 17
VisualStudioVersion = 17.0.31903.59
MinimumVisualStudioVersion = 10.0.40219.1
Project("{9A19103F-16F7-4668-BE54-9A1E7A4F7556}") = "CW06", "src\CW06\CW06.csproj", "{2F01EC5B-62C2-4700-AD33-9F21DC40E357}"
EndProject
Project("{9A19103F-16F7-4668-BE54-9A1E7A4F7556}") = "CW06.Tests", "tests\CW06.Tests\CW06.Tests.csproj", "{9B3E1D94-F0D1-4774-A5E0-AFA23425178C}"
EndProject
Global
	GlobalSection(SolutionConfigurationPlatforms) = preSolution
		Debug|Any CPU = Debug|Any CPU
		Release|Any CPU = Release|Any CPU
	EndGlobalSection
	GlobalSection(ProjectConfigurationPlatforms) = postSolution
		{2F01EC5B-62C2-4700-AD33-9F21DC40E357}.Debug|Any CPU.ActiveCfg = Debug|Any CPU
		{2F01EC5B-62C2-4700-AD33-9F21DC40E357}.Debug|Any CPU.Build.0 = Debug|Any CPU
		{2F01EC5B-62C2-4700-AD33-9F21DC40E357}.Release|Any CPU.ActiveCfg = Release|Any CPU
		{2F01EC5B-62C2-4700-AD33-9F21DC40E357}.Release|Any CPU.Build.0 = Release|Any CPU
		{9B3E1D94-F0D1-4774-A5E0-AFA23425178C}.Debug|Any CPU.ActiveCfg = Debug|Any CPU
		{9B3E1D94-F0D1-4774-A5E0-AFA23425178C}.Debug|Any CPU.Build.0 = Debug|Any CPU
		{9B3E1D94-F0D1-4774-A5E0-AFA23425178C}.Release|Any CPU.ActiveCfg = Release|Any CPU
		{9B3E1D94-F0D1-4774-A5E0-AFA23425178C}.Release|Any CPU.Build.0 = Release|Any CPU
	EndGlobalSection
	GlobalSection(SolutionProperties) = preSolution
		HideSolutionNode = FALSE
	EndGlobalSection
EndGlobal
